// !$*UTF8*$!
{
	archiveVersion = 1;
	classes = {
	};
	objectVersion = 77;
	objects = {

/* Begin PBXBuildFile section */
		0C5C6FBB304687920067BB79 /* CoreKit in Frameworks */ = {isa = PBXBuildFile; productRef = 0C5C6FBA304687920067BB79 /* CoreKit */; };
		0C5C6FBD304687920067BB79 /* Itinerary in Frameworks */ = {isa = PBXBuildFile; productRef = 0C5C6FBC304687920067BB79 /* Itinerary */; };
		0C5C6FBF304687920067BB79 /* Recommendation in Frameworks */ = {isa = PBXBuildFile; productRef = 0C5C6FBE304687920067BB79 /* Recommendation */; };
		0C5C6FC1304687920067BB79 /* Reservation in Frameworks */ = {isa = PBXBuildFile; productRef = 0C5C6FC0304687920067BB79 /* Reservation */; };
		0C5C6FC3304687920067BB79 /* SharedKit in Frameworks */ = {isa = PBXBuildFile; productRef = 0C5C6FC2304687920067BB79 /* SharedKit */; };
		0C5C6FC5304687920067BB79 /* Trip in Frameworks */ = {isa = PBXBuildFile; productRef = 0C5C6FC4304687920067BB79 /* Trip */; };
/* End PBXBuildFile section */

/* Begin PBXContainerItemProxy section */
		65F167A845E76A2145881C90 /* PBXContainerItemProxy */ = {
			isa = PBXContainerItemProxy;
			containerPortal = 0CBE7B9D2FB939950065D655 /* Project object */;
			proxyType = 1;
			remoteGlobalIDString = 0CBE7BA42FB939950065D655;
			remoteInfo = App;
		};
/* End PBXContainerItemProxy section */

/* Begin PBXFileReference section */
		0C8A7B6C3046B47700F88288 /* App.app */ = {isa = PBXFileReference; explicitFileType = wrapper.application; includeInIndex = 0; path = App.app; sourceTree = BUILT_PRODUCTS_DIR; };
		0C8A7B6D3046B47700F88288 /* AppTests.xctest */ = {isa = PBXFileReference; explicitFileType = wrapper.cfbundle; includeInIndex = 0; path = AppTests.xctest; sourceTree = BUILT_PRODUCTS_DIR; };
		0CBE7BC02FB939980065D655 /* Config.xcconfig */ = {isa = PBXFileReference; lastKnownFileType = text.xcconfig; path = Config.xcconfig; sourceTree = "<group>"; };
/* End PBXFileReference section */

/* Begin PBXFileSystemSynchronizedRootGroup section */
		0CBE7BA72FB939950065D655 /* Sources */ = {
			isa = PBXFileSystemSynchronizedRootGroup;
			path = Sources;
			sourceTree = "<group>";
		};
/* End PBXFileSystemSynchronizedRootGroup section */

/* Begin PBXFrameworksBuildPhase section */
		0CBE7BA22FB939950065D655 /* Frameworks */ = {
			isa = PBXFrameworksBuildPhase;
			buildActionMask = 2147483647;
			files = (
				0C5C6FC5304687920067BB79 /* Trip in Frameworks */,
				0C5C6FBD304687920067BB79 /* Itinerary in Frameworks */,
				0C5C6FBB304687920067BB79 /* CoreKit in Frameworks */,
				0C5C6FC3304687920067BB79 /* SharedKit in Frameworks */,
				0C5C6FC1304687920067BB79 /* Reservation in Frameworks */,
				0C5C6FBF304687920067BB79 /* Recommendation in Frameworks */,
			);
			runOnlyForDeploymentPostprocessing = 0;
		};
		9EE97451D721CFE6220143D3 /* Frameworks */ = {
			isa = PBXFrameworksBuildPhase;
			buildActionMask = 2147483647;
			files = (
			);
			runOnlyForDeploymentPostprocessing = 0;
		};
/* End PBXFrameworksBuildPhase section */

/* Begin PBXGroup section */
		0CBE7B9C2FB939950065D655 = {
			isa = PBXGroup;
			children = (
				0CBE7BA72FB939950065D655 /* Sources */,
				0CBE7BC02FB939980065D655 /* Config.xcconfig */,
				0C8A7B6C3046B47700F88288 /* App.app */,
				0C8A7B6D3046B47700F88288 /* AppTests.xctest */,
			);
			sourceTree = "<group>";
		};
/* End PBXGroup section */

/* Begin PBXNativeTarget section */
		0CBE7BA42FB939950065D655 /* App */ = {
			isa = PBXNativeTarget;
			buildConfigurationList = 0CBE7BB02FB939980065D655 /* Build configuration list for PBXNativeTarget "App" */;
			buildPhases = (
				0CBE7BA12FB939950065D655 /* Sources */,
				0CBE7BA22FB939950065D655 /* Frameworks */,
				0CBE7BA32FB939950065D655 /* Resources */,
			);
			buildRules = (
			);
			dependencies = (
			);
			fileSystemSynchronizedGroups = (
				0CBE7BA72FB939950065D655 /* Sources */,
			);
			name = App;
			packageProductDependencies = (
				0C5C6FBA304687920067BB79 /* CoreKit */,
				0C5C6FBC304687920067BB79 /* Itinerary */,
				0C5C6FBE304687920067BB79 /* Recommendation */,
				0C5C6FC0304687920067BB79 /* Reservation */,
				0C5C6FC2304687920067BB79 /* SharedKit */,
				0C5C6FC4304687920067BB79 /* Trip */,
			);
			productName = App;
			productReference = 0C8A7B6C3046B47700F88288 /* App.app */;
			productType = "com.apple.product-type.application";
		};
		77522FED146E929036C996D6 /* AppTests */ = {
			isa = PBXNativeTarget;
			buildConfigurationList = FD92B39944841FA180C3542C /* Build configuration list for PBXNativeTarget "AppTests" */;
			buildPhases = (
				C3C4C8C5E4B5CC9C65472D3F /* Sources */,
				9EE97451D721CFE6220143D3 /* Frameworks */,
				54228B3966A31030FE3779E5 /* Resources */,
			);
			buildRules = (
			);
			dependencies = (
				4D0E44DB7CA5D1076C14B0D3 /* PBXTargetDependency */,
			);
			name = AppTests;
			packageProductDependencies = (
			);
			productName = AppTests;
			productReference = 0C8A7B6D3046B47700F88288 /* AppTests.xctest */;
			productType = "com.apple.product-type.bundle.unit-test";
		};
/* End PBXNativeTarget section */

/* Begin PBXProject section */
		0CBE7B9D2FB939950065D655 /* Project object */ = {
			isa = PBXProject;
			attributes = {
				BuildIndependentTargetsInParallel = 1;
				LastSwiftUpdateCheck = 2600;
				LastUpgradeCheck = 2660;
				TargetAttributes = {
					0CBE7BA42FB939950065D655 = {
						CreatedOnToolsVersion = 26.0.1;
					};
					77522FED146E929036C996D6 = {
						CreatedOnToolsVersion = 26.0.1;
						TestTargetID = 0CBE7BA42FB939950065D655;
					};
				};
			};
			buildConfigurationList = 0CBE7BA02FB939950065D655 /* Build configuration list for PBXProject "App" */;
			developmentRegion = en;
			hasScannedForEncodings = 0;
			knownRegions = (
				en,
				Base,
			);
			mainGroup = 0CBE7B9C2FB939950065D655;
			minimizedProjectReferenceProxies = 1;
			packageReferences = (
				0C5C6FB9304687920067BB79 /* XCLocalSwiftPackageReference "../../Modules" */,
			);
			preferredProjectObjectVersion = 77;
			productRefGroup = 0CBE7B9C2FB939950065D655;
			projectDirPath = "";
			projectRoot = "";
			targets = (
				0CBE7BA42FB939950065D655 /* App */,
				77522FED146E929036C996D6 /* AppTests */,
			);
		};
/* End PBXProject section */

/* Begin PBXResourcesBuildPhase section */
		0CBE7BA32FB939950065D655 /* Resources */ = {
			isa = PBXResourcesBuildPhase;
			buildActionMask = 2147483647;
			files = (
			);
			runOnlyForDeploymentPostprocessing = 0;
		};
		54228B3966A31030FE3779E5 /* Resources */ = {
			isa = PBXResourcesBuildPhase;
			buildActionMask = 2147483647;
			files = (
			);
			runOnlyForDeploymentPostprocessing = 0;
		};
/* End PBXResourcesBuildPhase section */

/* Begin PBXSourcesBuildPhase section */
		0CBE7BA12FB939950065D655 /* Sources */ = {
			isa = PBXSourcesBuildPhase;
			buildActionMask = 2147483647;
			files = (
			);
			runOnlyForDeploymentPostprocessing = 0;
		};
		C3C4C8C5E4B5CC9C65472D3F /* Sources */ = {
			isa = PBXSourcesBuildPhase;
			buildActionMask = 2147483647;
			files = (
			);
			runOnlyForDeploymentPostprocessing = 0;
		};
/* End PBXSourcesBuildPhase section */

/* Begin PBXTargetDependency section */
		4D0E44DB7CA5D1076C14B0D3 /* PBXTargetDependency */ = {
			isa = PBXTargetDependency;
			target = 0CBE7BA42FB939950065D655 /* App */;
			targetProxy = 65F167A845E76A2145881C90 /* PBXContainerItemProxy */;
		};
/* End PBXTargetDependency section */

/* Begin XCBuildConfiguration section */
		0CBE7BAE2FB939980065D655 /* Debug */ = {
			isa = XCBuildConfiguration;
			buildSettings = {
				ALWAYS_SEARCH_USER_PATHS = NO;
				ASSETCATALOG_COMPILER_GENERATE_SWIFT_ASSET_SYMBOL_EXTENSIONS = YES;
				CLANG_ANALYZER_NONNULL = YES;
				CLANG_ANALYZER_NUMBER_OBJECT_CONVERSION = YES_AGGRESSIVE;
				CLANG_CXX_LANGUAGE_STANDARD = "gnu++20";
				CLANG_ENABLE_MODULES = YES;
				CLANG_ENABLE_OBJC_ARC = YES;
				CLANG_ENABLE_OBJC_WEAK = YES;
				CLANG_WARN_BLOCK_CAPTURE_AUTORELEASING = YES;
				CLANG_WARN_BOOL_CONVERSION = YES;
				CLANG_WARN_COMMA = YES;
				CLANG_WARN_CONSTANT_CONVERSION = YES;
				CLANG_WARN_DEPRECATED_OBJC_IMPLEMENTATIONS = YES;
				CLANG_WARN_DIRECT_OBJC_ISA_USAGE = YES_ERROR;
				CLANG_WARN_DOCUMENTATION_COMMENTS = YES;
				CLANG_WARN_EMPTY_BODY = YES;
				CLANG_WARN_ENUM_CONVERSION = YES;
				CLANG_WARN_INFINITE_RECURSION = YES;
				CLANG_WARN_INT_CONVERSION = YES;
				CLANG_WARN_NON_LITERAL_NULL_CONVERSION = YES;
				CLANG_WARN_OBJC_IMPLICIT_RETAIN_SELF = YES;
				CLANG_WARN_OBJC_LITERAL_CONVERSION = YES;
				CLANG_WARN_OBJC_ROOT_CLASS = YES_ERROR;
				CLANG_WARN_QUOTED_INCLUDE_IN_FRAMEWORK_HEADER = YES;
				CLANG_WARN_RANGE_LOOP_ANALYSIS = YES;
				CLANG_WARN_STRICT_PROTOTYPES = YES;
				CLANG_WARN_SUSPICIOUS_MOVE = YES;
				CLANG_WARN_UNGUARDED_AVAILABILITY = YES_AGGRESSIVE;
				CLANG_WARN_UNREACHABLE_CODE = YES;
				CLANG_WARN__DUPLICATE_METHOD_MATCH = YES;
				COPY_PHASE_STRIP = NO;
				DEBUG_INFORMATION_FORMAT = dwarf;
				DEVELOPMENT_TEAM = 82P75Q2F2K;
				ENABLE_STRICT_OBJC_MSGSEND = YES;
				ENABLE_TESTABILITY = YES;
				ENABLE_USER_SCRIPT_SANDBOXING = YES;
				GCC_C_LANGUAGE_STANDARD = gnu17;
				GCC_DYNAMIC_NO_PIC = NO;
				GCC_NO_COMMON_BLOCKS = YES;
				GCC_OPTIMIZATION_LEVEL = 0;
				GCC_PREPROCESSOR_DEFINITIONS = (
					"DEBUG=1",
					"$(inherited)",
				);
				GCC_WARN_64_TO_32_BIT_CONVERSION = YES;
				GCC_WARN_ABOUT_RETURN_TYPE = YES_ERROR;
				GCC_WARN_UNDECLARED_SELECTOR = YES;
				GCC_WARN_UNINITIALIZED_AUTOS = YES_AGGRESSIVE;
				GCC_WARN_UNUSED_FUNCTION = YES;
				GCC_WARN_UNUSED_VARIABLE = YES;
				IPHONEOS_DEPLOYMENT_TARGET = 16.0;
				LOCALIZATION_PREFERS_STRING_CATALOGS = YES;
				MTL_ENABLE_DEBUG_INFO = INCLUDE_SOURCE;
				MTL_FAST_MATH = YES;
				ONLY_ACTIVE_ARCH = YES;
				SDKROOT = iphoneos;
				STRING_CATALOG_GENERATE_SYMBOLS = YES;
				SWIFT_ACTIVE_COMPILATION_CONDITIONS = "DEBUG $(inherited)";
				SWIFT_OPTIMIZATION_LEVEL = "-Onone";
			};
			name = Debug;
		};
		0CBE7BAF2FB939980065D655 /* Release */ = {
			isa = XCBuildConfiguration;
			buildSettings = {
				ALWAYS_SEARCH_USER_PATHS = NO;
				ASSETCATALOG_COMPILER_GENERATE_SWIFT_ASSET_SYMBOL_EXTENSIONS = YES;
				CLANG_ANALYZER_NONNULL = YES;
				CLANG_ANALYZER_NUMBER_OBJECT_CONVERSION = YES_AGGRESSIVE;
				CLANG_CXX_LANGUAGE_STANDARD = "gnu++20";
				CLANG_ENABLE_MODULES = YES;
				CLANG_ENABLE_OBJC_ARC = YES;
				CLANG_ENABLE_OBJC_WEAK = YES;
				CLANG_WARN_BLOCK_CAPTURE_AUTORELEASING = YES;
				CLANG_WARN_BOOL_CONVERSION = YES;
				CLANG_WARN_COMMA = YES;
				CLANG_WARN_CONSTANT_CONVERSION = YES;
				CLANG_WARN_DEPRECATED_OBJC_IMPLEMENTATIONS = YES;
				CLANG_WARN_DIRECT_OBJC_ISA_USAGE = YES_ERROR;
				CLANG_WARN_DOCUMENTATION_COMMENTS = YES;
				CLANG_WARN_EMPTY_BODY = YES;
				CLANG_WARN_ENUM_CONVERSION = YES;
				CLANG_WARN_INFINITE_RECURSION = YES;
				CLANG_WARN_INT_CONVERSION = YES;
				CLANG_WARN_NON_LITERAL_NULL_CONVERSION = YES;
				CLANG_WARN_OBJC_IMPLICIT_RETAIN_SELF = YES;
				CLANG_WARN_OBJC_LITERAL_CONVERSION = YES;
				CLANG_WARN_OBJC_ROOT_CLASS = YES_ERROR;
				CLANG_WARN_QUOTED_INCLUDE_IN_FRAMEWORK_HEADER = YES;
				CLANG_WARN_RANGE_LOOP_ANALYSIS = YES;
				CLANG_WARN_STRICT_PROTOTYPES = YES;
				CLANG_WARN_SUSPICIOUS_MOVE = YES;
				CLANG_WARN_UNGUARDED_AVAILABILITY = YES_AGGRESSIVE;
				CLANG_WARN_UNREACHABLE_CODE = YES;
				CLANG_WARN__DUPLICATE_METHOD_MATCH = YES;
				COPY_PHASE_STRIP = NO;
				DEBUG_INFORMATION_FORMAT = "dwarf-with-dsym";
				DEVELOPMENT_TEAM = 82P75Q2F2K;
				ENABLE_NS_ASSERTIONS = NO;
				ENABLE_STRICT_OBJC_MSGSEND = YES;
				ENABLE_USER_SCRIPT_SANDBOXING = YES;
				GCC_C_LANGUAGE_STANDARD = gnu17;
				GCC_NO_COMMON_BLOCKS = YES;
				GCC_WARN_64_TO_32_BIT_CONVERSION = YES;
				GCC_WARN_ABOUT_RETURN_TYPE = YES_ERROR;
				GCC_WARN_UNDECLARED_SELECTOR = YES;
				GCC_WARN_UNINITIALIZED_AUTOS = YES_AGGRESSIVE;
				GCC_WARN_UNUSED_FUNCTION = YES;
				GCC_WARN_UNUSED_VARIABLE = YES;
				IPHONEOS_DEPLOYMENT_TARGET = 16.0;
				LOCALIZATION_PREFERS_STRING_CATALOGS = YES;
				MTL_ENABLE_DEBUG_INFO = NO;
				MTL_FAST_MATH = YES;
				SDKROOT = iphoneos;
				STRING_CATALOG_GENERATE_SYMBOLS = YES;
				SWIFT_COMPILATION_MODE = wholemodule;
				VALIDATE_PRODUCT = YES;
			};
			name = Release;
		};
		0CBE7BB12FB939980065D655 /* Debug */ = {
			isa = XCBuildConfiguration;
			baseConfigurationReference = 0CBE7BC02FB939980065D655 /* Config.xcconfig */;
			buildSettings = {
				ASSETCATALOG_COMPILER_APPICON_NAME = AppIcon;
				ASSETCATALOG_COMPILER_GLOBAL_ACCENT_COLOR_NAME = AccentColor;
				CODE_SIGN_STYLE = Automatic;
				CURRENT_PROJECT_VERSION = 1;
				DEVELOPMENT_TEAM = 9G2WQZ5G69;
				ENABLE_DEBUG_DYLIB = NO;
				ENABLE_PREVIEWS = YES;
				GENERATE_INFOPLIST_FILE = YES;
				INFOPLIST_KEY_UIApplicationSceneManifest_Generation = YES;
				INFOPLIST_KEY_UIApplicationSupportsIndirectInputEvents = YES;
				INFOPLIST_KEY_UILaunchScreen_Generation = YES;
				INFOPLIST_KEY_UISupportedInterfaceOrientations_iPad = "UIInterfaceOrientationPortrait UIInterfaceOrientationPortraitUpsideDown UIInterfaceOrientationLandscapeLeft UIInterfaceOrientationLandscapeRight";
				INFOPLIST_KEY_UISupportedInterfaceOrientations_iPhone = "UIInterfaceOrientationPortrait UIInterfaceOrientationLandscapeLeft UIInterfaceOrientationLandscapeRight";
				LD_RUNPATH_SEARCH_PATHS = (
					"$(inherited)",
					"@executable_path/Frameworks",
				);
				MARKETING_VERSION = 1.0;
				OTHER_LDFLAGS = (
					"$(inherited)",
					"-weak_framework",
					SwiftUICore,
				);
				OTHER_SWIFT_FLAGS = (
					"$(inherited)",
					"-Xfrontend",
					"-disable-autolink-framework",
					"-Xfrontend",
					SwiftUICore,
				);
				PRODUCT_BUNDLE_IDENTIFIER = com.debugholic.ProjectI.app;
				PRODUCT_NAME = "$(TARGET_NAME)";
				STRING_CATALOG_GENERATE_SYMBOLS = YES;
				SWIFT_APPROACHABLE_CONCURRENCY = YES;
				SWIFT_EMIT_LOC_STRINGS = YES;
				SWIFT_UPCOMING_FEATURE_MEMBER_IMPORT_VISIBILITY = YES;
				SWIFT_VERSION = 5.0;
				TARGETED_DEVICE_FAMILY = "1,2";
			};
			name = Debug;
		};
		0CBE7BB22FB939980065D655 /* Release */ = {
			isa = XCBuildConfiguration;
			baseConfigurationReference = 0CBE7BC02FB939980065D655 /* Config.xcconfig */;
			buildSettings = {
				ASSETCATALOG_COMPILER_APPICON_NAME = AppIcon;
				ASSETCATALOG_COMPILER_GLOBAL_ACCENT_COLOR_NAME = AccentColor;
				CODE_SIGN_STYLE = Automatic;
				CURRENT_PROJECT_VERSION = 1;
				DEVELOPMENT_TEAM = 9G2WQZ5G69;
				ENABLE_DEBUG_DYLIB = NO;
				ENABLE_PREVIEWS = YES;
				GENERATE_INFOPLIST_FILE = YES;
				INFOPLIST_KEY_UIApplicationSceneManifest_Generation = YES;
				INFOPLIST_KEY_UIApplicationSupportsIndirectInputEvents = YES;
				INFOPLIST_KEY_UILaunchScreen_Generation = YES;
				INFOPLIST_KEY_UISupportedInterfaceOrientations_iPad = "UIInterfaceOrientationPortrait UIInterfaceOrientationPortraitUpsideDown UIInterfaceOrientationLandscapeLeft UIInterfaceOrientationLandscapeRight";
				INFOPLIST_KEY_UISupportedInterfaceOrientations_iPhone = "UIInterfaceOrientationPortrait UIInterfaceOrientationLandscapeLeft UIInterfaceOrientationLandscapeRight";
				LD_RUNPATH_SEARCH_PATHS = (
					"$(inherited)",
					"@executable_path/Frameworks",
				);
				MARKETING_VERSION = 1.0;
				OTHER_LDFLAGS = (
					"$(inherited)",
					"-weak_framework",
					SwiftUICore,
				);
				OTHER_SWIFT_FLAGS = (
					"$(inherited)",
					"-Xfrontend",
					"-disable-autolink-framework",
					"-Xfrontend",
					SwiftUICore,
				);
				PRODUCT_BUNDLE_IDENTIFIER = com.debugholic.ProjectI.app;
				PRODUCT_NAME = "$(TARGET_NAME)";
				STRING_CATALOG_GENERATE_SYMBOLS = YES;
				SWIFT_APPROACHABLE_CONCURRENCY = YES;
				SWIFT_EMIT_LOC_STRINGS = YES;
				SWIFT_UPCOMING_FEATURE_MEMBER_IMPORT_VISIBILITY = YES;
				SWIFT_VERSION = 5.0;
				TARGETED_DEVICE_FAMILY = "1,2";
			};
			name = Release;
		};
		4A5ACDB86E4CE816F7AF340F /* Debug */ = {
			isa = XCBuildConfiguration;
			buildSettings = {
				BUNDLE_LOADER = "$(TEST_HOST)";
				CODE_SIGN_STYLE = Automatic;
				CURRENT_PROJECT_VERSION = 1;
				DEVELOPMENT_TEAM = 82P75Q2F2K;
				GENERATE_INFOPLIST_FILE = YES;
				LD_RUNPATH_SEARCH_PATHS = (
					"$(inherited)",
					"@executable_path/Frameworks",
					"@loader_path/Frameworks",
				);
				MARKETING_VERSION = 1.0;
				PRODUCT_BUNDLE_IDENTIFIER = com.debugholic.ProjectI.appTests;
				PRODUCT_NAME = "$(TARGET_NAME)";
				SWIFT_APPROACHABLE_CONCURRENCY = YES;
				SWIFT_EMIT_LOC_STRINGS = YES;
				SWIFT_UPCOMING_FEATURE_MEMBER_IMPORT_VISIBILITY = YES;
				SWIFT_VERSION = 5.0;
				TARGETED_DEVICE_FAMILY = "1,2";
				TEST_HOST = "$(BUILT_PRODUCTS_DIR)/App.app/App";
			};
			name = Debug;
		};
		4C63AB2DDA3F42DBF1B6E0B9 /* Release */ = {
			isa = XCBuildConfiguration;
			buildSettings = {
				BUNDLE_LOADER = "$(TEST_HOST)";
				CODE_SIGN_STYLE = Automatic;
				CURRENT_PROJECT_VERSION = 1;
				DEVELOPMENT_TEAM = 82P75Q2F2K;
				GENERATE_INFOPLIST_FILE = YES;
				LD_RUNPATH_SEARCH_PATHS = (
					"$(inherited)",
					"@executable_path/Frameworks",
					"@loader_path/Frameworks",
				);
				MARKETING_VERSION = 1.0;
				PRODUCT_BUNDLE_IDENTIFIER = com.debugholic.ProjectI.appTests;
				PRODUCT_NAME = "$(TARGET_NAME)";
				SWIFT_APPROACHABLE_CONCURRENCY = YES;
				SWIFT_EMIT_LOC_STRINGS = YES;
				SWIFT_UPCOMING_FEATURE_MEMBER_IMPORT_VISIBILITY = YES;
				SWIFT_VERSION = 5.0;
				TARGETED_DEVICE_FAMILY = "1,2";
				TEST_HOST = "$(BUILT_PRODUCTS_DIR)/App.app/App";
			};
			name = Release;
		};
/* End XCBuildConfiguration section */

/* Begin XCConfigurationList section */
		0CBE7BA02FB939950065D655 /* Build configuration list for PBXProject "App" */ = {
			isa = XCConfigurationList;
			buildConfigurations = (
				0CBE7BAE2FB939980065D655 /* Debug */,
				0CBE7BAF2FB939980065D655 /* Release */,
			);
			defaultConfigurationIsVisible = 0;
			defaultConfigurationName = Release;
		};
		0CBE7BB02FB939980065D655 /* Build configuration list for PBXNativeTarget "App" */ = {
			isa = XCConfigurationList;
			buildConfigurations = (
				0CBE7BB12FB939980065D655 /* Debug */,
				0CBE7BB22FB939980065D655 /* Release */,
			);
			defaultConfigurationIsVisible = 0;
			defaultConfigurationName = Release;
		};
		FD92B39944841FA180C3542C /* Build configuration list for PBXNativeTarget "AppTests" */ = {
			isa = XCConfigurationList;
			buildConfigurations = (
				4A5ACDB86E4CE816F7AF340F /* Debug */,
				4C63AB2DDA3F42DBF1B6E0B9 /* Release */,
			);
			defaultConfigurationIsVisible = 0;
			defaultConfigurationName = Release;
		};
/* End XCConfigurationList section */

/* Begin XCLocalSwiftPackageReference section */
		0C5C6FB9304687920067BB79 /* XCLocalSwiftPackageReference "../../Modules" */ = {
			isa = XCLocalSwiftPackageReference;
			relativePath = ../../Modules;
		};
/* End XCLocalSwiftPackageReference section */

/* Begin XCSwiftPackageProductDependency section */
		0C5C6FBA304687920067BB79 /* CoreKit */ = {
			isa = XCSwiftPackageProductDependency;
			productName = CoreKit;
		};
		0C5C6FBC304687920067BB79 /* Itinerary */ = {
			isa = XCSwiftPackageProductDependency;
			productName = Itinerary;
		};
		0C5C6FBE304687920067BB79 /* Recommendation */ = {
			isa = XCSwiftPackageProductDependency;
			productName = Recommendation;
		};
		0C5C6FC0304687920067BB79 /* Reservation */ = {
			isa = XCSwiftPackageProductDependency;
			productName = Reservation;
		};
		0C5C6FC2304687920067BB79 /* SharedKit */ = {
			isa = XCSwiftPackageProductDependency;
			productName = SharedKit;
		};
		0C5C6FC4304687920067BB79 /* Trip */ = {
			isa = XCSwiftPackageProductDependency;
			productName = Trip;
		};
/* End XCSwiftPackageProductDependency section */
	};
	rootObject = 0CBE7B9D2FB939950065D655 /* Project object */;
}
